[[package]]
name = "euclid"
version = "0.17.2"
source = "registry+https://github.com/rust-lang/crates.io-index"
dependencies = [
 "num-traits 0.1.43 (registry+https://github.com/rust-lang/crates.io-index)",
]

[[package]]
name = "merge-dags"
version = "0.1.0"
dependencies = [
 "euclid 0.17.2 (registry+https://github.com/rust-lang/crates.io-index)",
]

[[package]]
name = "num-traits"
version = "0.1.43"
source = "registry+https://github.com/rust-lang/crates.io-index"
dependencies = [
 "num-traits 0.2.1 (registry+https://github.com/rust-lang/crates.io-index)",
]

[[package]]
name = "num-traits"
version = "0.2.1"
source = "registry+https://github.com/rust-lang/crates.io-index"

[metadata]
"checksum euclid 0.17.2 (registry+https://github.com/rust-lang/crates.io-index)" = "adfe67a9343519c1449d208da5998c6de582de698f7a39c4ac82ffba23d131a5"
"checksum num-traits 0.1.43 (registry+https://github.com/rust-lang/crates.io-index)" = "92e5113e9fd4cc14ded8e499429f396a20f98c772a47cc8622a736e1ec843c31"
"checksum num-traits 0.2.1 (registry+https://github.com/rust-lang/crates.io-index)" = "0b3c2bd9b9d21e48e956b763c9f37134dc62d9e95da6edb3f672cacb6caf3cd3"
